
Microsoft Visual Studio Solution File, Format Version 12.00
# Visual Studio 2012
Project("{2150E333-8FDC-42A3-9474-1A3956D46DE8}") = "src", "src", "{562E9BF8-D3D2-4FCA-B4B6-24F56D0EA36C}"
EndProject
Project("{FAE04EC0-301F-11D3-BF4B-00C04F79EFBC}") = "Nubizsoft.AspNetCore.Authentication.AzureADB2C", "src\Nubizsoft.AspNetCore.Authentication.AzureADB2C\Nubizsoft.AspNetCore.Authentication.AzureADB2C.csproj", "{FAFD2FCD-F981-47A5-833A-7DFBCDC4BD7B}"
EndProject
Project("{2150E333-8FDC-42A3-9474-1A3956D46DE8}") = "samples", "samples", "{B7549D23-D67A-4D56-936F-4AF88BF6BADF}"
EndProject
Project("{FAE04EC0-301F-11D3-BF4B-00C04F79EFBC}") = "AdB2C-webapp", "samples\AdB2C-webapp\AdB2C-webapp.csproj", "{31DE5691-D523-4CF4-971F-86D4442A8621}"
EndProject
Global
	GlobalSection(SolutionConfigurationPlatforms) = preSolution
		Debug|Any CPU = Debug|Any CPU
		Release|Any CPU = Release|Any CPU
	EndGlobalSection
	GlobalSection(ProjectConfigurationPlatforms) = postSolution
		{FAFD2FCD-F981-47A5-833A-7DFBCDC4BD7B}.Debug|Any CPU.ActiveCfg = Debug|Any CPU
		{FAFD2FCD-F981-47A5-833A-7DFBCDC4BD7B}.Debug|Any CPU.Build.0 = Debug|Any CPU
		{FAFD2FCD-F981-47A5-833A-7DFBCDC4BD7B}.Release|Any CPU.ActiveCfg = Release|Any CPU
		{FAFD2FCD-F981-47A5-833A-7DFBCDC4BD7B}.Release|Any CPU.Build.0 = Release|Any CPU
		{31DE5691-D523-4CF4-971F-86D4442A8621}.Debug|Any CPU.ActiveCfg = Debug|Any CPU
		{31DE5691-D523-4CF4-971F-86D4442A8621}.Debug|Any CPU.Build.0 = Debug|Any CPU
		{31DE5691-D523-4CF4-971F-86D4442A8621}.Release|Any CPU.ActiveCfg = Release|Any CPU
		{31DE5691-D523-4CF4-971F-86D4442A8621}.Release|Any CPU.Build.0 = Release|Any CPU
	EndGlobalSection
	GlobalSection(NestedProjects) = preSolution
		{FAFD2FCD-F981-47A5-833A-7DFBCDC4BD7B} = {562E9BF8-D3D2-4FCA-B4B6-24F56D0EA36C}
		{31DE5691-D523-4CF4-971F-86D4442A8621} = {B7549D23-D67A-4D56-936F-4AF88BF6BADF}
	EndGlobalSection
EndGlobal
